
Microsoft Visual Studio Solution File, Format Version 12.00
# Visual Studio Version 16
VisualStudioVersion = 16.0.28729.10
MinimumVisualStudioVersion = 10.0.40219.1
Project("{9A19103F-16F7-4668-BE54-9A1E7A4F7556}") = "TestHouse.Web", "TestHouse.Web\TestHouse.Web.csproj", "{0EDE4EB0-1C51-4938-A24E-8A6D07F6FCA0}"
EndProject
Project("{2150E333-8FDC-42A3-9474-1A3956D46DE8}") = "Tests", "Tests", "{8D8FD911-5775-414B-B4D0-FCB05B65D2E7}"
EndProject
Project("{9A19103F-16F7-4668-BE54-9A1E7A4F7556}") = "TestHouse.Domain.Tests", "TestHouse.Domain.Tests\TestHouse.Domain.Tests.csproj", "{664FD46A-8B85-4DD4-A554-76B8588929F5}"
EndProject
Project("{9A19103F-16F7-4668-BE54-9A1E7A4F7556}") = "TestHouse.Infrastructure", "TestHouse.Infrastructure\TestHouse.Infrastructure.csproj", "{EA1898D5-A418-4CFF-A3CA-C9F9BD924BC4}"
EndProject
Project("{9A19103F-16F7-4668-BE54-9A1E7A4F7556}") = "TestHouse.Infrastructure.Tests", "TestHouse.Infrastructure.Tests\TestHouse.Infrastructure.Tests.csproj", "{783EF9B7-38B3-4FCF-883A-A276DC413826}"
EndProject
Project("{9A19103F-16F7-4668-BE54-9A1E7A4F7556}") = "TestHouse.Application", "TestHouse.Application\TestHouse.Application.csproj", "{57F2F806-2F3E-4FA6-9B39-41C82AD5FBB0}"
EndProject
Project("{9A19103F-16F7-4668-BE54-9A1E7A4F7556}") = "TestHouse.Application.Tests", "TestHouse.Application.Tests\TestHouse.Application.Tests.csproj", "{6003A0DC-951B-4FE0-AD45-3C4140A609C1}"
EndProject
Project("{9A19103F-16F7-4668-BE54-9A1E7A4F7556}") = "TestHouse.DTOs", "TestHouse.DTOs\TestHouse.DTOs.csproj", "{780EF74E-1D0F-4841-894B-B67C557513DD}"
EndProject
Project("{9A19103F-16F7-4668-BE54-9A1E7A4F7556}") = "TestHouse.Web.Blazor", "TestHouse.Web.Blazor\TestHouse.Web.Blazor.csproj", "{DF2C02DC-A8FF-4984-AE74-113560F8E3C9}"
EndProject
Project("{FAE04EC0-301F-11D3-BF4B-00C04F79EFBC}") = "TestHouse.Domain", "TestHouse.Domain\TestHouse.Domain.csproj", "{2840641A-7E65-4B60-8D74-97912DC4596E}"
EndProject
Global
	GlobalSection(SolutionConfigurationPlatforms) = preSolution
		Debug|Any CPU = Debug|Any CPU
		Release|Any CPU = Release|Any CPU
	EndGlobalSection
	GlobalSection(ProjectConfigurationPlatforms) = postSolution
		{0EDE4EB0-1C51-4938-A24E-8A6D07F6FCA0}.Debug|Any CPU.ActiveCfg = Debug|Any CPU
		{0EDE4EB0-1C51-4938-A24E-8A6D07F6FCA0}.Debug|Any CPU.Build.0 = Debug|Any CPU
		{0EDE4EB0-1C51-4938-A24E-8A6D07F6FCA0}.Release|Any CPU.ActiveCfg = Release|Any CPU
		{0EDE4EB0-1C51-4938-A24E-8A6D07F6FCA0}.Release|Any CPU.Build.0 = Release|Any CPU
		{664FD46A-8B85-4DD4-A554-76B8588929F5}.Debug|Any CPU.ActiveCfg = Debug|Any CPU
		{664FD46A-8B85-4DD4-A554-76B8588929F5}.Debug|Any CPU.Build.0 = Debug|Any CPU
		{664FD46A-8B85-4DD4-A554-76B8588929F5}.Release|Any CPU.ActiveCfg = Release|Any CPU
		{664FD46A-8B85-4DD4-A554-76B8588929F5}.Release|Any CPU.Build.0 = Release|Any CPU
		{EA1898D5-A418-4CFF-A3CA-C9F9BD924BC4}.Debug|Any CPU.ActiveCfg = Debug|Any CPU
		{EA1898D5-A418-4CFF-A3CA-C9F9BD924BC4}.Debug|Any CPU.Build.0 = Debug|Any CPU
		{EA1898D5-A418-4CFF-A3CA-C9F9BD924BC4}.Release|Any CPU.ActiveCfg = Release|Any CPU
		{EA1898D5-A418-4CFF-A3CA-C9F9BD924BC4}.Release|Any CPU.Build.0 = Release|Any CPU
		{783EF9B7-38B3-4FCF-883A-A276DC413826}.Debug|Any CPU.ActiveCfg = Debug|Any CPU
		{783EF9B7-38B3-4FCF-883A-A276DC413826}.Debug|Any CPU.Build.0 = Debug|Any CPU
		{783EF9B7-38B3-4FCF-883A-A276DC413826}.Release|Any CPU.ActiveCfg = Release|Any CPU
		{783EF9B7-38B3-4FCF-883A-A276DC413826}.Release|Any CPU.Build.0 = Release|Any CPU
		{57F2F806-2F3E-4FA6-9B39-41C82AD5FBB0}.Debug|Any CPU.ActiveCfg = Debug|Any CPU
		{57F2F806-2F3E-4FA6-9B39-41C82AD5FBB0}.Debug|Any CPU.Build.0 = Debug|Any CPU
		{57F2F806-2F3E-4FA6-9B39-41C82AD5FBB0}.Release|Any CPU.ActiveCfg = Release|Any CPU
		{57F2F806-2F3E-4FA6-9B39-41C82AD5FBB0}.Release|Any CPU.Build.0 = Release|Any CPU
		{6003A0DC-951B-4FE0-AD45-3C4140A609C1}.Debug|Any CPU.ActiveCfg = Debug|Any CPU
		{6003A0DC-951B-4FE0-AD45-3C4140A609C1}.Debug|Any CPU.Build.0 = Debug|Any CPU
		{6003A0DC-951B-4FE0-AD45-3C4140A609C1}.Release|Any CPU.ActiveCfg = Release|Any CPU
		{6003A0DC-951B-4FE0-AD45-3C4140A609C1}.Release|Any CPU.Build.0 = Release|Any CPU
		{780EF74E-1D0F-4841-894B-B67C557513DD}.Debug|Any CPU.ActiveCfg = Debug|Any CPU
		{780EF74E-1D0F-4841-894B-B67C557513DD}.Debug|Any CPU.Build.0 = Debug|Any CPU
		{780EF74E-1D0F-4841-894B-B67C557513DD}.Release|Any CPU.ActiveCfg = Release|Any CPU
		{780EF74E-1D0F-4841-894B-B67C557513DD}.Release|Any CPU.Build.0 = Release|Any CPU
		{DF2C02DC-A8FF-4984-AE74-113560F8E3C9}.Debug|Any CPU.ActiveCfg = Debug|Any CPU
		{DF2C02DC-A8FF-4984-AE74-113560F8E3C9}.Debug|Any CPU.Build.0 = Debug|Any CPU
		{DF2C02DC-A8FF-4984-AE74-113560F8E3C9}.Release|Any CPU.ActiveCfg = Release|Any CPU
		{DF2C02DC-A8FF-4984-AE74-113560F8E3C9}.Release|Any CPU.Build.0 = Release|Any CPU
		{2840641A-7E65-4B60-8D74-97912DC4596E}.Debug|Any CPU.ActiveCfg = Debug|Any CPU
		{2840641A-7E65-4B60-8D74-97912DC4596E}.Debug|Any CPU.Build.0 = Debug|Any CPU
		{2840641A-7E65-4B60-8D74-97912DC4596E}.Release|Any CPU.ActiveCfg = Release|Any CPU
		{2840641A-7E65-4B60-8D74-97912DC4596E}.Release|Any CPU.Build.0 = Release|Any CPU
	EndGlobalSection
	GlobalSection(SolutionProperties) = preSolution
		HideSolutionNode = FALSE
	EndGlobalSection
	GlobalSection(NestedProjects) = preSolution
		{664FD46A-8B85-4DD4-A554-76B8588929F5} = {8D8FD911-5775-414B-B4D0-FCB05B65D2E7}
		{783EF9B7-38B3-4FCF-883A-A276DC413826} = {8D8FD911-5775-414B-B4D0-FCB05B65D2E7}
		{6003A0DC-951B-4FE0-AD45-3C4140A609C1} = {8D8FD911-5775-414B-B4D0-FCB05B65D2E7}
	EndGlobalSection
	GlobalSection(ExtensibilityGlobals) = postSolution
		SolutionGuid = {3A556000-BA02-4F1F-8592-CD6E278561B6}
	EndGlobalSection
EndGlobal
